# THIS IS AN AUTOGENERATED FILE. DO NOT EDIT THIS FILE DIRECTLY.
# yarn lockfile v1


echarts@^4.8.0:
  version "4.8.0"
  resolved "https://registry.yarnpkg.com/echarts/-/echarts-4.8.0.tgz#b2c1cfb9229b13d368ee104fc8eea600b574d4c4"
  integrity sha512-YwShpug8fWngj/RlgxDaYrLBoD+LsZUArrusjNPHpAF+is+gGe38xx4W848AwWMGoi745t3OXM52JedNrv+F6g==
  dependencies:
    zrender "4.3.1"

mpvue-echarts@^0.3.2:
  version "0.3.2"
  resolved "https://registry.yarnpkg.com/mpvue-echarts/-/mpvue-echarts-0.3.2.tgz#e08a9dd8233dce306e248a3470bf7f0279422ac2"
  integrity sha512-KULGS1DOMNhXu3nBkBv6BtmnqjyHLc+2Dur7eW+2s2aic1NCOygglCMmAmMEU6/TGSR67ttFA2NYxXPUYbNhWQ==

uni-hold-tabbar@^1.0.0:
  version "1.0.0"
  resolved "https://registry.yarnpkg.com/uni-hold-tabbar/-/uni-hold-tabbar-1.0.0.tgz#92be7924414a79a8e49d2f191d87959e60ade932"
  integrity sha512-y2aeK5x5+znct18UiD8/LHX3F6ilOPHWRuJgA72+FbEmrzKE4otXRqiRZDqhifo0Zq4mby/wIRzKyiEyOCq5iQ==

uni-simple-router@^1.5.4:
  version "1.5.4"
  resolved "https://registry.yarnpkg.com/uni-simple-router/-/uni-simple-router-1.5.4.tgz#1f20b299e0a0b742f78d0931926406623d33348a"
  integrity sha512-P0qO2UN9FdSRQC8nBkmNHSY4a71B8doZp9lUmvvUPYQP6EUlFJUuMcbfiHgbChSb0ovLx8v+WFHwvdCuH0KTxg==
  dependencies:
    uni-hold-tabbar "^1.0.0"

vuex@^3.4.0:
  version "3.4.0"
  resolved "https://registry.yarnpkg.com/vuex/-/vuex-3.4.0.tgz#20cc086062d750769fce1febb34e7fceeaebde45"
  integrity sha512-ajtqwEW/QhnrBZQsZxCLHThZZaa+Db45c92Asf46ZDXu6uHXgbfVuBaJ4gzD2r4UX0oMJHstFwd2r2HM4l8umg==

zrender@4.3.1:
  version "4.3.1"
  resolved "https://registry.yarnpkg.com/zrender/-/zrender-4.3.1.tgz#baf8aa6dc8187a2f819692d7d5f9bedfa2b90fa3"
  integrity sha512-CeH2TpJeCdG0TAGYoPSAcFX2ogdug1K7LIn9UO/q9HWqQ54gWhrMAlDP9AwWYMUDhrPe4VeazQ4DW3msD96nUQ==
